// !$*UTF8*$!
{
	archiveVersion = 1;
	classes = {
	};
	objectVersion = 50;
	objects = {

/* Begin PBXBuildFile section */
		D2321ED72467179E00436A18 /* NewsCell.swift in Sources */ = {isa = PBXBuildFile; fileRef = D2321ED62467179E00436A18 /* NewsCell.swift */; };
		D2321ED92467193E00436A18 /* NewsItem.swift in Sources */ = {isa = PBXBuildFile; fileRef = D2321ED82467193E00436A18 /* NewsItem.swift */; };
		D2321EDB246803B400436A18 /* Downloader.swift in Sources */ = {isa = PBXBuildFile; fileRef = D2321EDA246803B400436A18 /* Downloader.swift */; };
		D2321EDD246837D400436A18 /* Formatter.swift in Sources */ = {isa = PBXBuildFile; fileRef = D2321EDC246837D300436A18 /* Formatter.swift */; };
		D2321EDF246971C700436A18 /* PageViewController.swift in Sources */ = {isa = PBXBuildFile; fileRef = D2321EDE246971C700436A18 /* PageViewController.swift */; };
		D2D4FF782466BFF500D86EF0 /* AppDelegate.swift in Sources */ = {isa = PBXBuildFile; fileRef = D2D4FF772466BFF500D86EF0 /* AppDelegate.swift */; };
		D2D4FF7A2466BFF500D86EF0 /* SceneDelegate.swift in Sources */ = {isa = PBXBuildFile; fileRef = D2D4FF792466BFF500D86EF0 /* SceneDelegate.swift */; };
		D2D4FF7C2466BFF500D86EF0 /* MainViewController.swift in Sources */ = {isa = PBXBuildFile; fileRef = D2D4FF7B2466BFF500D86EF0 /* MainViewController.swift */; };
		D2D4FF7F2466BFF500D86EF0 /* Main.storyboard in Resources */ = {isa = PBXBuildFile; fileRef = D2D4FF7D2466BFF500D86EF0 /* Main.storyboard */; };
		D2D4FF812466BFFB00D86EF0 /* Assets.xcassets in Resources */ = {isa = PBXBuildFile; fileRef = D2D4FF802466BFFB00D86EF0 /* Assets.xcassets */; };
		D2D4FF842466BFFB00D86EF0 /* LaunchScreen.storyboard in Resources */ = {isa = PBXBuildFile; fileRef = D2D4FF822466BFFB00D86EF0 /* LaunchScreen.storyboard */; };
/* End PBXBuildFile section */

/* Begin PBXFileReference section */
		D2321ED62467179E00436A18 /* NewsCell.swift */ = {isa = PBXFileReference; lastKnownFileType = sourcecode.swift; path = NewsCell.swift; sourceTree = "<group>"; };
		D2321ED82467193E00436A18 /* NewsItem.swift */ = {isa = PBXFileReference; lastKnownFileType = sourcecode.swift; path = NewsItem.swift; sourceTree = "<group>"; };
		D2321EDA246803B400436A18 /* Downloader.swift */ = {isa = PBXFileReference; lastKnownFileType = sourcecode.swift; path = Downloader.swift; sourceTree = "<group>"; };
		D2321EDC246837D300436A18 /* Formatter.swift */ = {isa = PBXFileReference; lastKnownFileType = sourcecode.swift; path = Formatter.swift; sourceTree = "<group>"; };
		D2321EDE246971C700436A18 /* PageViewController.swift */ = {isa = PBXFileReference; lastKnownFileType = sourcecode.swift; path = PageViewController.swift; sourceTree = "<group>"; };
		D2321EE12469D14C00436A18 /* WebKit.framework */ = {isa = PBXFileReference; lastKnownFileType = wrapper.framework; name = WebKit.framework; path = System/Library/Frameworks/WebKit.framework; sourceTree = SDKROOT; };
		D2D4FF742466BFF500D86EF0 /* IZA_proj.app */ = {isa = PBXFileReference; explicitFileType = wrapper.application; includeInIndex = 0; path = IZA_proj.app; sourceTree = BUILT_PRODUCTS_DIR; };
		D2D4FF772466BFF500D86EF0 /* AppDelegate.swift */ = {isa = PBXFileReference; lastKnownFileType = sourcecode.swift; path = AppDelegate.swift; sourceTree = "<group>"; };
		D2D4FF792466BFF500D86EF0 /* SceneDelegate.swift */ = {isa = PBXFileReference; lastKnownFileType = sourcecode.swift; path = SceneDelegate.swift; sourceTree = "<group>"; };
		D2D4FF7B2466BFF500D86EF0 /* MainViewController.swift */ = {isa = PBXFileReference; lastKnownFileType = sourcecode.swift; path = MainViewController.swift; sourceTree = "<group>"; };
		D2D4FF7E2466BFF500D86EF0 /* Base */ = {isa = PBXFileReference; lastKnownFileType = file.storyboard; name = Base; path = Base.lproj/Main.storyboard; sourceTree = "<group>"; };
		D2D4FF802466BFFB00D86EF0 /* Assets.xcassets */ = {isa = PBXFileReference; lastKnownFileType = folder.assetcatalog; path = Assets.xcassets; sourceTree = "<group>"; };
		D2D4FF832466BFFB00D86EF0 /* Base */ = {isa = PBXFileReference; lastKnownFileType = file.storyboard; name = Base; path = Base.lproj/LaunchScreen.storyboard; sourceTree = "<group>"; };
		D2D4FF852466BFFB00D86EF0 /* Info.plist */ = {isa = PBXFileReference; lastKnownFileType = text.plist.xml; path = Info.plist; sourceTree = "<group>"; };
/* End PBXFileReference section */

/* Begin PBXFrameworksBuildPhase section */
		D2D4FF712466BFF500D86EF0 /* Frameworks */ = {
			isa = PBXFrameworksBuildPhase;
			buildActionMask = 2147483647;
			files = (
			);
			runOnlyForDeploymentPostprocessing = 0;
		};
/* End PBXFrameworksBuildPhase section */

/* Begin PBXGroup section */
		D2321EE02469D14C00436A18 /* Frameworks */ = {
			isa = PBXGroup;
			children = (
				D2321EE12469D14C00436A18 /* WebKit.framework */,
			);
			name = Frameworks;
			sourceTree = "<group>";
		};
		D2D4FF6B2466BFF500D86EF0 = {
			isa = PBXGroup;
			children = (
				D2D4FF762466BFF500D86EF0 /* IZA_proj */,
				D2D4FF752466BFF500D86EF0 /* Products */,
				D2321EE02469D14C00436A18 /* Frameworks */,
			);
			sourceTree = "<group>";
		};
		D2D4FF752466BFF500D86EF0 /* Products */ = {
			isa = PBXGroup;
			children = (
				D2D4FF742466BFF500D86EF0 /* IZA_proj.app */,
			);
			name = Products;
			sourceTree = "<group>";
		};
		D2D4FF762466BFF500D86EF0 /* IZA_proj */ = {
			isa = PBXGroup;
			children = (
				D2D4FF772466BFF500D86EF0 /* AppDelegate.swift */,
				D2D4FF792466BFF500D86EF0 /* SceneDelegate.swift */,
				D2D4FF7B2466BFF500D86EF0 /* MainViewController.swift */,
				D2321EDE246971C700436A18 /* PageViewController.swift */,
				D2321EDC246837D300436A18 /* Formatter.swift */,
				D2321ED62467179E00436A18 /* NewsCell.swift */,
				D2321ED82467193E00436A18 /* NewsItem.swift */,
				D2321EDA246803B400436A18 /* Downloader.swift */,
				D2D4FF7D2466BFF500D86EF0 /* Main.storyboard */,
				D2D4FF802466BFFB00D86EF0 /* Assets.xcassets */,
				D2D4FF822466BFFB00D86EF0 /* LaunchScreen.storyboard */,
				D2D4FF852466BFFB00D86EF0 /* Info.plist */,
			);
			path = IZA_proj;
			sourceTree = "<group>";
		};
/* End PBXGroup section */

/* Begin PBXNativeTarget section */
		D2D4FF732466BFF500D86EF0 /* IZA_proj */ = {
			isa = PBXNativeTarget;
			buildConfigurationList = D2D4FF882466BFFB00D86EF0 /* Build configuration list for PBXNativeTarget "IZA_proj" */;
			buildPhases = (
				D2D4FF702466BFF500D86EF0 /* Sources */,
				D2D4FF712466BFF500D86EF0 /* Frameworks */,
				D2D4FF722466BFF500D86EF0 /* Resources */,
			);
			buildRules = (
			);
			dependencies = (
			);
			name = IZA_proj;
			productName = IZA_proj;
			productReference = D2D4FF742466BFF500D86EF0 /* IZA_proj.app */;
			productType = "com.apple.product-type.application";
		};
/* End PBXNativeTarget section */

/* Begin PBXProject section */
		D2D4FF6C2466BFF500D86EF0 /* Project object */ = {
			isa = PBXProject;
			attributes = {
				LastSwiftUpdateCheck = 1140;
				LastUpgradeCheck = 1140;
				ORGANIZATIONNAME = "Matej Kubový";
				TargetAttributes = {
					D2D4FF732466BFF500D86EF0 = {
						CreatedOnToolsVersion = 11.4;
					};
				};
			};
			buildConfigurationList = D2D4FF6F2466BFF500D86EF0 /* Build configuration list for PBXProject "IZA_proj" */;
			compatibilityVersion = "Xcode 9.3";
			developmentRegion = en;
			hasScannedForEncodings = 0;
			knownRegions = (
				en,
				Base,
			);
			mainGroup = D2D4FF6B2466BFF500D86EF0;
			productRefGroup = D2D4FF752466BFF500D86EF0 /* Products */;
			projectDirPath = "";
			projectRoot = "";
			targets = (
				D2D4FF732466BFF500D86EF0 /* IZA_proj */,
			);
		};
/* End PBXProject section */

/* Begin PBXResourcesBuildPhase section */
		D2D4FF722466BFF500D86EF0 /* Resources */ = {
			isa = PBXResourcesBuildPhase;
			buildActionMask = 2147483647;
			files = (
				D2D4FF842466BFFB00D86EF0 /* LaunchScreen.storyboard in Resources */,
				D2D4FF812466BFFB00D86EF0 /* Assets.xcassets in Resources */,
				D2D4FF7F2466BFF500D86EF0 /* Main.storyboard in Resources */,
			);
			runOnlyForDeploymentPostprocessing = 0;
		};
/* End PBXResourcesBuildPhase section */

/* Begin PBXSourcesBuildPhase section */
		D2D4FF702466BFF500D86EF0 /* Sources */ = {
			isa = PBXSourcesBuildPhase;
			buildActionMask = 2147483647;
			files = (
				D2D4FF7C2466BFF500D86EF0 /* MainViewController.swift in Sources */,
				D2321ED92467193E00436A18 /* NewsItem.swift in Sources */,
				D2321EDB246803B400436A18 /* Downloader.swift in Sources */,
				D2321EDD246837D400436A18 /* Formatter.swift in Sources */,
				D2D4FF782466BFF500D86EF0 /* AppDelegate.swift in Sources */,
				D2321ED72467179E00436A18 /* NewsCell.swift in Sources */,
				D2D4FF7A2466BFF500D86EF0 /* SceneDelegate.swift in Sources */,
				D2321EDF246971C700436A18 /* PageViewController.swift in Sources */,
			);
			runOnlyForDeploymentPostprocessing = 0;
		};
/* End PBXSourcesBuildPhase section */

/* Begin PBXVariantGroup section */
		D2D4FF7D2466BFF500D86EF0 /* Main.storyboard */ = {
			isa = PBXVariantGroup;
			children = (
				D2D4FF7E2466BFF500D86EF0 /* Base */,
			);
			name = Main.storyboard;
			sourceTree = "<group>";
		};
		D2D4FF822466BFFB00D86EF0 /* LaunchScreen.storyboard */ = {
			isa = PBXVariantGroup;
			children = (
				D2D4FF832466BFFB00D86EF0 /* Base */,
			);
			name = LaunchScreen.storyboard;
			sourceTree = "<group>";
		};
/* End PBXVariantGroup section */

/* Begin XCBuildConfiguration section */
		D2D4FF862466BFFB00D86EF0 /* Debug */ = {
			isa = XCBuildConfiguration;
			buildSettings = {
				ALWAYS_SEARCH_USER_PATHS = NO;
				CLANG_ANALYZER_NONNULL = YES;
				CLANG_ANALYZER_NUMBER_OBJECT_CONVERSION = YES_AGGRESSIVE;
				CLANG_CXX_LANGUAGE_STANDARD = "gnu++14";
				CLANG_CXX_LIBRARY = "libc++";
				CLANG_ENABLE_MODULES = YES;
				CLANG_ENABLE_OBJC_ARC = YES;
				CLANG_ENABLE_OBJC_WEAK = YES;
				CLANG_WARN_BLOCK_CAPTURE_AUTORELEASING = YES;
				CLANG_WARN_BOOL_CONVERSION = YES;
				CLANG_WARN_COMMA = YES;
				CLANG_WARN_CONSTANT_CONVERSION = YES;
				CLANG_WARN_DEPRECATED_OBJC_IMPLEMENTATIONS = YES;
				CLANG_WARN_DIRECT_OBJC_ISA_USAGE = YES_ERROR;
				CLANG_WARN_DOCUMENTATION_COMMENTS = YES;
				CLANG_WARN_EMPTY_BODY = YES;
				CLANG_WARN_ENUM_CONVERSION = YES;
				CLANG_WARN_INFINITE_RECURSION = YES;
				CLANG_WARN_INT_CONVERSION = YES;
				CLANG_WARN_NON_LITERAL_NULL_CONVERSION = YES;
				CLANG_WARN_OBJC_IMPLICIT_RETAIN_SELF = YES;
				CLANG_WARN_OBJC_LITERAL_CONVERSION = YES;
				CLANG_WARN_OBJC_ROOT_CLASS = YES_ERROR;
				CLANG_WARN_RANGE_LOOP_ANALYSIS = YES;
				CLANG_WARN_STRICT_PROTOTYPES = YES;
				CLANG_WARN_SUSPICIOUS_MOVE = YES;
				CLANG_WARN_UNGUARDED_AVAILABILITY = YES_AGGRESSIVE;
				CLANG_WARN_UNREACHABLE_CODE = YES;
				CLANG_WARN__DUPLICATE_METHOD_MATCH = YES;
				COPY_PHASE_STRIP = NO;
				DEBUG_INFORMATION_FORMAT = dwarf;
				ENABLE_STRICT_OBJC_MSGSEND = YES;
				ENABLE_TESTABILITY = YES;
				GCC_C_LANGUAGE_STANDARD = gnu11;
				GCC_DYNAMIC_NO_PIC = NO;
				GCC_NO_COMMON_BLOCKS = YES;
				GCC_OPTIMIZATION_LEVEL = 0;
				GCC_PREPROCESSOR_DEFINITIONS = (
					"DEBUG=1",
					"$(inherited)",
				);
				GCC_WARN_64_TO_32_BIT_CONVERSION = YES;
				GCC_WARN_ABOUT_RETURN_TYPE = YES_ERROR;
				GCC_WARN_UNDECLARED_SELECTOR = YES;
				GCC_WARN_UNINITIALIZED_AUTOS = YES_AGGRESSIVE;
				GCC_WARN_UNUSED_FUNCTION = YES;
				GCC_WARN_UNUSED_VARIABLE = YES;
				IPHONEOS_DEPLOYMENT_TARGET = 13.4;
				MTL_ENABLE_DEBUG_INFO = INCLUDE_SOURCE;
				MTL_FAST_MATH = YES;
				ONLY_ACTIVE_ARCH = YES;
				SDKROOT = iphoneos;
				SWIFT_ACTIVE_COMPILATION_CONDITIONS = DEBUG;
				SWIFT_OPTIMIZATION_LEVEL = "-Onone";
			};
			name = Debug;
		};
		D2D4FF872466BFFB00D86EF0 /* Release */ = {
			isa = XCBuildConfiguration;
			buildSettings = {
				ALWAYS_SEARCH_USER_PATHS = NO;
				CLANG_ANALYZER_NONNULL = YES;
				CLANG_ANALYZER_NUMBER_OBJECT_CONVERSION = YES_AGGRESSIVE;
				CLANG_CXX_LANGUAGE_STANDARD = "gnu++14";
				CLANG_CXX_LIBRARY = "libc++";
				CLANG_ENABLE_MODULES = YES;
				CLANG_ENABLE_OBJC_ARC = YES;
				CLANG_ENABLE_OBJC_WEAK = YES;
				CLANG_WARN_BLOCK_CAPTURE_AUTORELEASING = YES;
				CLANG_WARN_BOOL_CONVERSION = YES;
				CLANG_WARN_COMMA = YES;
				CLANG_WARN_CONSTANT_CONVERSION = YES;
				CLANG_WARN_DEPRECATED_OBJC_IMPLEMENTATIONS = YES;
				CLANG_WARN_DIRECT_OBJC_ISA_USAGE = YES_ERROR;
				CLANG_WARN_DOCUMENTATION_COMMENTS = YES;
				CLANG_WARN_EMPTY_BODY = YES;
				CLANG_WARN_ENUM_CONVERSION = YES;
				CLANG_WARN_INFINITE_RECURSION = YES;
				CLANG_WARN_INT_CONVERSION = YES;
				CLANG_WARN_NON_LITERAL_NULL_CONVERSION = YES;
				CLANG_WARN_OBJC_IMPLICIT_RETAIN_SELF = YES;
				CLANG_WARN_OBJC_LITERAL_CONVERSION = YES;
				CLANG_WARN_OBJC_ROOT_CLASS = YES_ERROR;
				CLANG_WARN_RANGE_LOOP_ANALYSIS = YES;
				CLANG_WARN_STRICT_PROTOTYPES = YES;
				CLANG_WARN_SUSPICIOUS_MOVE = YES;
				CLANG_WARN_UNGUARDED_AVAILABILITY = YES_AGGRESSIVE;
				CLANG_WARN_UNREACHABLE_CODE = YES;
				CLANG_WARN__DUPLICATE_METHOD_MATCH = YES;
				COPY_PHASE_STRIP = NO;
				DEBUG_INFORMATION_FORMAT = "dwarf-with-dsym";
				ENABLE_NS_ASSERTIONS = NO;
				ENABLE_STRICT_OBJC_MSGSEND = YES;
				GCC_C_LANGUAGE_STANDARD = gnu11;
				GCC_NO_COMMON_BLOCKS = YES;
				GCC_WARN_64_TO_32_BIT_CONVERSION = YES;
				GCC_WARN_ABOUT_RETURN_TYPE = YES_ERROR;
				GCC_WARN_UNDECLARED_SELECTOR = YES;
				GCC_WARN_UNINITIALIZED_AUTOS = YES_AGGRESSIVE;
				GCC_WARN_UNUSED_FUNCTION = YES;
				GCC_WARN_UNUSED_VARIABLE = YES;
				IPHONEOS_DEPLOYMENT_TARGET = 13.4;
				MTL_ENABLE_DEBUG_INFO = NO;
				MTL_FAST_MATH = YES;
				SDKROOT = iphoneos;
				SWIFT_COMPILATION_MODE = wholemodule;
				SWIFT_OPTIMIZATION_LEVEL = "-O";
				VALIDATE_PRODUCT = YES;
			};
			name = Release;
		};
		D2D4FF892466BFFB00D86EF0 /* Debug */ = {
			isa = XCBuildConfiguration;
			buildSettings = {
				ASSETCATALOG_COMPILER_APPICON_NAME = AppIcon;
				CODE_SIGN_STYLE = Automatic;
				DEVELOPMENT_TEAM = HGWZ6QQRZB;
				INFOPLIST_FILE = IZA_proj/Info.plist;
				LD_RUNPATH_SEARCH_PATHS = (
					"$(inherited)",
					"@executable_path/Frameworks",
				);
				PRODUCT_BUNDLE_IDENTIFIER = "mk.IZA-proj";
				PRODUCT_NAME = "$(TARGET_NAME)";
				SWIFT_VERSION = 5.0;
				TARGETED_DEVICE_FAMILY = 1;
			};
			name = Debug;
		};
		D2D4FF8A2466BFFB00D86EF0 /* Release */ = {
			isa = XCBuildConfiguration;
			buildSettings = {
				ASSETCATALOG_COMPILER_APPICON_NAME = AppIcon;
				CODE_SIGN_STYLE = Automatic;
				DEVELOPMENT_TEAM = HGWZ6QQRZB;
				INFOPLIST_FILE = IZA_proj/Info.plist;
				LD_RUNPATH_SEARCH_PATHS = (
					"$(inherited)",
					"@executable_path/Frameworks",
				);
				PRODUCT_BUNDLE_IDENTIFIER = "mk.IZA-proj";
				PRODUCT_NAME = "$(TARGET_NAME)";
				SWIFT_VERSION = 5.0;
				TARGETED_DEVICE_FAMILY = 1;
			};
			name = Release;
		};
/* End XCBuildConfiguration section */

/* Begin XCConfigurationList section */
		D2D4FF6F2466BFF500D86EF0 /* Build configuration list for PBXProject "IZA_proj" */ = {
			isa = XCConfigurationList;
			buildConfigurations = (
				D2D4FF862466BFFB00D86EF0 /* Debug */,
				D2D4FF872466BFFB00D86EF0 /* Release */,
			);
			defaultConfigurationIsVisible = 0;
			defaultConfigurationName = Release;
		};
		D2D4FF882466BFFB00D86EF0 /* Build configuration list for PBXNativeTarget "IZA_proj" */ = {
			isa = XCConfigurationList;
			buildConfigurations = (
				D2D4FF892466BFFB00D86EF0 /* Debug */,
				D2D4FF8A2466BFFB00D86EF0 /* Release */,
			);
			defaultConfigurationIsVisible = 0;
			defaultConfigurationName = Release;
		};
/* End XCConfigurationList section */
	};
	rootObject = D2D4FF6C2466BFF500D86EF0 /* Project object */;
}
